{
  "name": "parcel-bundler-crash-course",
  "version": "1.0.0",
  "lockfileVersion": 1,
  "requires": true,
  "dependencies": {
    "@fortawesome/fontawesome-free": {
      "version": "5.11.1",
      "resolved": "https://registry.npmjs.org/@fortawesome/fontawesome-free/-/fontawesome-free-5.11.1.tgz",
      "integrity": "sha512-DtXLVYAkDU0ce1cFUgLvZaMd1R2J/LviBYih9xr4ZLhQMrgvYX7w2vOxlpKLRALfIj5GyC5zoVrcACOkLcFgvg==",
      "dev": true
    },
    "font-awesome": {
      "version": "4.7.0",
      "resolved": "https://registry.npmjs.org/font-awesome/-/font-awesome-4.7.0.tgz",
      "integrity": "sha1-j6jPBBGhoxr9B7BtKQK7n8gVoTM="
    },
    "jquery": {
      "version": "3.4.1",
      "resolved": "https://registry.npmjs.org/jquery/-/jquery-3.4.1.tgz",
      "integrity": "sha512-36+AdBzCL+y6qjw5Tx7HgzeGCzC81MDDgaUP8ld2zhx58HdqXGoBd+tHdrBMiyjGQs0Hxs/MLZTu/eHNJJuWPw=="
    },
    "serialize-to-js": {
      "version": "3.0.0",
      "resolved": "https://registry.npmjs.org/serialize-to-js/-/serialize-to-js-3.0.0.tgz",
      "integrity": "sha512-WdGgi0jGnWCQXph2p3vkxceDnTfvfyXfYxherQMRcZjSaJzMQdMBAW6i0nojsBKIZ3fFOztZKKVbbm05VbIdRA=="
    }
  }
}
